// !$*UTF8*$!
{
	archiveVersion = 1;
	classes = {
	};
	objectVersion = 55;
	objects = {

/* Begin PBXBuildFile section */
		D517B0482868BFA7004D9EAC /* CharacterDM.swift in Sources */ = {isa = PBXBuildFile; fileRef = D517B0472868BFA7004D9EAC /* CharacterDM.swift */; };
		D517B04B286B5503004D9EAC /* AddTaskCell.swift in Sources */ = {isa = PBXBuildFile; fileRef = D517B049286B5503004D9EAC /* AddTaskCell.swift */; };
		D517B04C286B5503004D9EAC /* AddTaskCell.xib in Resources */ = {isa = PBXBuildFile; fileRef = D517B04A286B5503004D9EAC /* AddTaskCell.xib */; };
		D562DA8C28A3EFD200F8C6F5 /* CategoryTask.swift in Sources */ = {isa = PBXBuildFile; fileRef = D562DA8B28A3EFD200F8C6F5 /* CategoryTask.swift */; };
		D5865FF128683C680046E6F7 /* AppDelegate.swift in Sources */ = {isa = PBXBuildFile; fileRef = D5865FF028683C680046E6F7 /* AppDelegate.swift */; };
		D5865FF328683C680046E6F7 /* SceneDelegate.swift in Sources */ = {isa = PBXBuildFile; fileRef = D5865FF228683C680046E6F7 /* SceneDelegate.swift */; };
		D5865FF528683C680046E6F7 /* ViewController.swift in Sources */ = {isa = PBXBuildFile; fileRef = D5865FF428683C680046E6F7 /* ViewController.swift */; };
		D5865FF828683C680046E6F7 /* Main.storyboard in Resources */ = {isa = PBXBuildFile; fileRef = D5865FF628683C680046E6F7 /* Main.storyboard */; };
		D5865FFB28683C680046E6F7 /* ToDoList.xcdatamodeld in Sources */ = {isa = PBXBuildFile; fileRef = D5865FF928683C680046E6F7 /* ToDoList.xcdatamodeld */; };
		D5865FFD28683C690046E6F7 /* Assets.xcassets in Resources */ = {isa = PBXBuildFile; fileRef = D5865FFC28683C690046E6F7 /* Assets.xcassets */; };
		D586600028683C690046E6F7 /* LaunchScreen.storyboard in Resources */ = {isa = PBXBuildFile; fileRef = D5865FFE28683C690046E6F7 /* LaunchScreen.storyboard */; };
		D586600B28683C690046E6F7 /* ToDoListTests.swift in Sources */ = {isa = PBXBuildFile; fileRef = D586600A28683C690046E6F7 /* ToDoListTests.swift */; };
		D586601528683C690046E6F7 /* ToDoListUITests.swift in Sources */ = {isa = PBXBuildFile; fileRef = D586601428683C690046E6F7 /* ToDoListUITests.swift */; };
		D586601728683C690046E6F7 /* ToDoListUITestsLaunchTests.swift in Sources */ = {isa = PBXBuildFile; fileRef = D586601628683C690046E6F7 /* ToDoListUITestsLaunchTests.swift */; };
		D586602828683CA20046E6F7 /* HomeVC.swift in Sources */ = {isa = PBXBuildFile; fileRef = D586602628683CA20046E6F7 /* HomeVC.swift */; };
		D586602928683CA20046E6F7 /* HomeVC.xib in Resources */ = {isa = PBXBuildFile; fileRef = D586602728683CA20046E6F7 /* HomeVC.xib */; };
		D586602C28683CBD0046E6F7 /* AddVC.swift in Sources */ = {isa = PBXBuildFile; fileRef = D586602A28683CBC0046E6F7 /* AddVC.swift */; };
		D586602D28683CBD0046E6F7 /* AddVC.xib in Resources */ = {isa = PBXBuildFile; fileRef = D586602B28683CBC0046E6F7 /* AddVC.xib */; };
		D586603028683CD10046E6F7 /* ListVC.swift in Sources */ = {isa = PBXBuildFile; fileRef = D586602E28683CD10046E6F7 /* ListVC.swift */; };
		D586603128683CD10046E6F7 /* ListVC.xib in Resources */ = {isa = PBXBuildFile; fileRef = D586602F28683CD10046E6F7 /* ListVC.xib */; };
		D58660352868462A0046E6F7 /* TableViewCell.swift in Sources */ = {isa = PBXBuildFile; fileRef = D58660332868462A0046E6F7 /* TableViewCell.swift */; };
		D58660362868462A0046E6F7 /* TableViewCell.xib in Resources */ = {isa = PBXBuildFile; fileRef = D58660342868462A0046E6F7 /* TableViewCell.xib */; };
		D5866039286876090046E6F7 /* MainTabbar.swift in Sources */ = {isa = PBXBuildFile; fileRef = D5866038286876090046E6F7 /* MainTabbar.swift */; };
		D586603C28687A5E0046E6F7 /* ListCC.swift in Sources */ = {isa = PBXBuildFile; fileRef = D586603A28687A5E0046E6F7 /* ListCC.swift */; };
		D586603D28687A5E0046E6F7 /* ListCC.xib in Resources */ = {isa = PBXBuildFile; fileRef = D586603B28687A5E0046E6F7 /* ListCC.xib */; };
		D5ADA16E286F1D560090BDD8 /* CCColor.xcassets in Resources */ = {isa = PBXBuildFile; fileRef = D5ADA16D286F1D560090BDD8 /* CCColor.xcassets */; };
/* End PBXBuildFile section */

/* Begin PBXContainerItemProxy section */
		D586600728683C690046E6F7 /* PBXContainerItemProxy */ = {
			isa = PBXContainerItemProxy;
			containerPortal = D5865FE528683C680046E6F7 /* Project object */;
			proxyType = 1;
			remoteGlobalIDString = D5865FEC28683C680046E6F7;
			remoteInfo = ToDoList;
		};
		D586601128683C690046E6F7 /* PBXContainerItemProxy */ = {
			isa = PBXContainerItemProxy;
			containerPortal = D5865FE528683C680046E6F7 /* Project object */;
			proxyType = 1;
			remoteGlobalIDString = D5865FEC28683C680046E6F7;
			remoteInfo = ToDoList;
		};
/* End PBXContainerItemProxy section */

/* Begin PBXFileReference section */
		D517B0472868BFA7004D9EAC /* CharacterDM.swift */ = {isa = PBXFileReference; lastKnownFileType = sourcecode.swift; path = CharacterDM.swift; sourceTree = "<group>"; };
		D517B049286B5503004D9EAC /* AddTaskCell.swift */ = {isa = PBXFileReference; lastKnownFileType = sourcecode.swift; path = AddTaskCell.swift; sourceTree = "<group>"; };
		D517B04A286B5503004D9EAC /* AddTaskCell.xib */ = {isa = PBXFileReference; lastKnownFileType = file.xib; path = AddTaskCell.xib; sourceTree = "<group>"; };
		D562DA8B28A3EFD200F8C6F5 /* CategoryTask.swift */ = {isa = PBXFileReference; lastKnownFileType = sourcecode.swift; path = CategoryTask.swift; sourceTree = "<group>"; };
		D5865FED28683C680046E6F7 /* ToDoList.app */ = {isa = PBXFileReference; explicitFileType = wrapper.application; includeInIndex = 0; path = ToDoList.app; sourceTree = BUILT_PRODUCTS_DIR; };
		D5865FF028683C680046E6F7 /* AppDelegate.swift */ = {isa = PBXFileReference; lastKnownFileType = sourcecode.swift; path = AppDelegate.swift; sourceTree = "<group>"; };
		D5865FF228683C680046E6F7 /* SceneDelegate.swift */ = {isa = PBXFileReference; lastKnownFileType = sourcecode.swift; path = SceneDelegate.swift; sourceTree = "<group>"; };
		D5865FF428683C680046E6F7 /* ViewController.swift */ = {isa = PBXFileReference; lastKnownFileType = sourcecode.swift; path = ViewController.swift; sourceTree = "<group>"; };
		D5865FF728683C680046E6F7 /* Base */ = {isa = PBXFileReference; lastKnownFileType = file.storyboard; name = Base; path = Base.lproj/Main.storyboard; sourceTree = "<group>"; };
		D5865FFA28683C680046E6F7 /* ToDoList.xcdatamodel */ = {isa = PBXFileReference; lastKnownFileType = wrapper.xcdatamodel; path = ToDoList.xcdatamodel; sourceTree = "<group>"; };
		D5865FFC28683C690046E6F7 /* Assets.xcassets */ = {isa = PBXFileReference; lastKnownFileType = folder.assetcatalog; path = Assets.xcassets; sourceTree = "<group>"; };
		D5865FFF28683C690046E6F7 /* Base */ = {isa = PBXFileReference; lastKnownFileType = file.storyboard; name = Base; path = Base.lproj/LaunchScreen.storyboard; sourceTree = "<group>"; };
		D586600128683C690046E6F7 /* Info.plist */ = {isa = PBXFileReference; lastKnownFileType = text.plist.xml; path = Info.plist; sourceTree = "<group>"; };
		D586600628683C690046E6F7 /* ToDoListTests.xctest */ = {isa = PBXFileReference; explicitFileType = wrapper.cfbundle; includeInIndex = 0; path = ToDoListTests.xctest; sourceTree = BUILT_PRODUCTS_DIR; };
		D586600A28683C690046E6F7 /* ToDoListTests.swift */ = {isa = PBXFileReference; lastKnownFileType = sourcecode.swift; path = ToDoListTests.swift; sourceTree = "<group>"; };
		D586601028683C690046E6F7 /* ToDoListUITests.xctest */ = {isa = PBXFileReference; explicitFileType = wrapper.cfbundle; includeInIndex = 0; path = ToDoListUITests.xctest; sourceTree = BUILT_PRODUCTS_DIR; };
		D586601428683C690046E6F7 /* ToDoListUITests.swift */ = {isa = PBXFileReference; lastKnownFileType = sourcecode.swift; path = ToDoListUITests.swift; sourceTree = "<group>"; };
		D586601628683C690046E6F7 /* ToDoListUITestsLaunchTests.swift */ = {isa = PBXFileReference; lastKnownFileType = sourcecode.swift; path = ToDoListUITestsLaunchTests.swift; sourceTree = "<group>"; };
		D586602628683CA20046E6F7 /* HomeVC.swift */ = {isa = PBXFileReference; lastKnownFileType = sourcecode.swift; path = HomeVC.swift; sourceTree = "<group>"; };
		D586602728683CA20046E6F7 /* HomeVC.xib */ = {isa = PBXFileReference; lastKnownFileType = file.xib; path = HomeVC.xib; sourceTree = "<group>"; };
		D586602A28683CBC0046E6F7 /* AddVC.swift */ = {isa = PBXFileReference; lastKnownFileType = sourcecode.swift; path = AddVC.swift; sourceTree = "<group>"; };
		D586602B28683CBC0046E6F7 /* AddVC.xib */ = {isa = PBXFileReference; lastKnownFileType = file.xib; path = AddVC.xib; sourceTree = "<group>"; };
		D586602E28683CD10046E6F7 /* ListVC.swift */ = {isa = PBXFileReference; lastKnownFileType = sourcecode.swift; path = ListVC.swift; sourceTree = "<group>"; };
		D586602F28683CD10046E6F7 /* ListVC.xib */ = {isa = PBXFileReference; lastKnownFileType = file.xib; path = ListVC.xib; sourceTree = "<group>"; };
		D58660332868462A0046E6F7 /* TableViewCell.swift */ = {isa = PBXFileReference; lastKnownFileType = sourcecode.swift; path = TableViewCell.swift; sourceTree = "<group>"; };
		D58660342868462A0046E6F7 /* TableViewCell.xib */ = {isa = PBXFileReference; lastKnownFileType = file.xib; path = TableViewCell.xib; sourceTree = "<group>"; };
		D5866038286876090046E6F7 /* MainTabbar.swift */ = {isa = PBXFileReference; lastKnownFileType = sourcecode.swift; path = MainTabbar.swift; sourceTree = "<group>"; };
		D586603A28687A5E0046E6F7 /* ListCC.swift */ = {isa = PBXFileReference; lastKnownFileType = sourcecode.swift; path = ListCC.swift; sourceTree = "<group>"; };
		D586603B28687A5E0046E6F7 /* ListCC.xib */ = {isa = PBXFileReference; lastKnownFileType = file.xib; path = ListCC.xib; sourceTree = "<group>"; };
		D5ADA16D286F1D560090BDD8 /* CCColor.xcassets */ = {isa = PBXFileReference; lastKnownFileType = folder.assetcatalog; path = CCColor.xcassets; sourceTree = "<group>"; };
/* End PBXFileReference section */

/* Begin PBXFrameworksBuildPhase section */
		D5865FEA28683C680046E6F7 /* Frameworks */ = {
			isa = PBXFrameworksBuildPhase;
			buildActionMask = 2147483647;
			files = (
			);
			runOnlyForDeploymentPostprocessing = 0;
		};
		D586600328683C690046E6F7 /* Frameworks */ = {
			isa = PBXFrameworksBuildPhase;
			buildActionMask = 2147483647;
			files = (
			);
			runOnlyForDeploymentPostprocessing = 0;
		};
		D586600D28683C690046E6F7 /* Frameworks */ = {
			isa = PBXFrameworksBuildPhase;
			buildActionMask = 2147483647;
			files = (
			);
			runOnlyForDeploymentPostprocessing = 0;
		};
/* End PBXFrameworksBuildPhase section */

/* Begin PBXGroup section */
		D5865FE428683C680046E6F7 = {
			isa = PBXGroup;
			children = (
				D5865FEF28683C680046E6F7 /* ToDoList */,
				D586600928683C690046E6F7 /* ToDoListTests */,
				D586601328683C690046E6F7 /* ToDoListUITests */,
				D5865FEE28683C680046E6F7 /* Products */,
			);
			sourceTree = "<group>";
		};
		D5865FEE28683C680046E6F7 /* Products */ = {
			isa = PBXGroup;
			children = (
				D5865FED28683C680046E6F7 /* ToDoList.app */,
				D586600628683C690046E6F7 /* ToDoListTests.xctest */,
				D586601028683C690046E6F7 /* ToDoListUITests.xctest */,
			);
			name = Products;
			sourceTree = "<group>";
		};
		D5865FEF28683C680046E6F7 /* ToDoList */ = {
			isa = PBXGroup;
			children = (
				D5866037286875C50046E6F7 /* Tabbar */,
				D5866032286846010046E6F7 /* Cell */,
				D586602528683C7A0046E6F7 /* Model */,
				D586602428683C750046E6F7 /* View */,
				D586602328683C710046E6F7 /* Controller */,
				D5865FF028683C680046E6F7 /* AppDelegate.swift */,
				D5865FF228683C680046E6F7 /* SceneDelegate.swift */,
				D5865FF428683C680046E6F7 /* ViewController.swift */,
				D5865FF628683C680046E6F7 /* Main.storyboard */,
				D5865FFC28683C690046E6F7 /* Assets.xcassets */,
				D5865FFE28683C690046E6F7 /* LaunchScreen.storyboard */,
				D586600128683C690046E6F7 /* Info.plist */,
				D5865FF928683C680046E6F7 /* ToDoList.xcdatamodeld */,
				D5ADA16D286F1D560090BDD8 /* CCColor.xcassets */,
			);
			path = ToDoList;
			sourceTree = "<group>";
		};
		D586600928683C690046E6F7 /* ToDoListTests */ = {
			isa = PBXGroup;
			children = (
				D586600A28683C690046E6F7 /* ToDoListTests.swift */,
			);
			path = ToDoListTests;
			sourceTree = "<group>";
		};
		D586601328683C690046E6F7 /* ToDoListUITests */ = {
			isa = PBXGroup;
			children = (
				D586601428683C690046E6F7 /* ToDoListUITests.swift */,
				D586601628683C690046E6F7 /* ToDoListUITestsLaunchTests.swift */,
			);
			path = ToDoListUITests;
			sourceTree = "<group>";
		};
		D586602328683C710046E6F7 /* Controller */ = {
			isa = PBXGroup;
			children = (
				D586602628683CA20046E6F7 /* HomeVC.swift */,
				D586602A28683CBC0046E6F7 /* AddVC.swift */,
				D586602E28683CD10046E6F7 /* ListVC.swift */,
			);
			path = Controller;
			sourceTree = "<group>";
		};
		D586602428683C750046E6F7 /* View */ = {
			isa = PBXGroup;
			children = (
				D586602728683CA20046E6F7 /* HomeVC.xib */,
				D586602B28683CBC0046E6F7 /* AddVC.xib */,
				D586602F28683CD10046E6F7 /* ListVC.xib */,
			);
			path = View;
			sourceTree = "<group>";
		};
		D586602528683C7A0046E6F7 /* Model */ = {
			isa = PBXGroup;
			children = (
				D517B0472868BFA7004D9EAC /* CharacterDM.swift */,
				D562DA8B28A3EFD200F8C6F5 /* CategoryTask.swift */,
			);
			path = Model;
			sourceTree = "<group>";
		};
		D5866032286846010046E6F7 /* Cell */ = {
			isa = PBXGroup;
			children = (
				D58660332868462A0046E6F7 /* TableViewCell.swift */,
				D58660342868462A0046E6F7 /* TableViewCell.xib */,
				D586603A28687A5E0046E6F7 /* ListCC.swift */,
				D586603B28687A5E0046E6F7 /* ListCC.xib */,
				D517B049286B5503004D9EAC /* AddTaskCell.swift */,
				D517B04A286B5503004D9EAC /* AddTaskCell.xib */,
			);
			path = Cell;
			sourceTree = "<group>";
		};
		D5866037286875C50046E6F7 /* Tabbar */ = {
			isa = PBXGroup;
			children = (
				D5866038286876090046E6F7 /* MainTabbar.swift */,
			);
			path = Tabbar;
			sourceTree = "<group>";
		};
/* End PBXGroup section */

/* Begin PBXNativeTarget section */
		D5865FEC28683C680046E6F7 /* ToDoList */ = {
			isa = PBXNativeTarget;
			buildConfigurationList = D586601A28683C690046E6F7 /* Build configuration list for PBXNativeTarget "ToDoList" */;
			buildPhases = (
				D5865FE928683C680046E6F7 /* Sources */,
				D5865FEA28683C680046E6F7 /* Frameworks */,
				D5865FEB28683C680046E6F7 /* Resources */,
			);
			buildRules = (
			);
			dependencies = (
			);
			name = ToDoList;
			productName = ToDoList;
			productReference = D5865FED28683C680046E6F7 /* ToDoList.app */;
			productType = "com.apple.product-type.application";
		};
		D586600528683C690046E6F7 /* ToDoListTests */ = {
			isa = PBXNativeTarget;
			buildConfigurationList = D586601D28683C690046E6F7 /* Build configuration list for PBXNativeTarget "ToDoListTests" */;
			buildPhases = (
				D586600228683C690046E6F7 /* Sources */,
				D586600328683C690046E6F7 /* Frameworks */,
				D586600428683C690046E6F7 /* Resources */,
			);
			buildRules = (
			);
			dependencies = (
				D586600828683C690046E6F7 /* PBXTargetDependency */,
			);
			name = ToDoListTests;
			productName = ToDoListTests;
			productReference = D586600628683C690046E6F7 /* ToDoListTests.xctest */;
			productType = "com.apple.product-type.bundle.unit-test";
		};
		D586600F28683C690046E6F7 /* ToDoListUITests */ = {
			isa = PBXNativeTarget;
			buildConfigurationList = D586602028683C690046E6F7 /* Build configuration list for PBXNativeTarget "ToDoListUITests" */;
			buildPhases = (
				D586600C28683C690046E6F7 /* Sources */,
				D586600D28683C690046E6F7 /* Frameworks */,
				D586600E28683C690046E6F7 /* Resources */,
			);
			buildRules = (
			);
			dependencies = (
				D586601228683C690046E6F7 /* PBXTargetDependency */,
			);
			name = ToDoListUITests;
			productName = ToDoListUITests;
			productReference = D586601028683C690046E6F7 /* ToDoListUITests.xctest */;
			productType = "com.apple.product-type.bundle.ui-testing";
		};
/* End PBXNativeTarget section */

/* Begin PBXProject section */
		D5865FE528683C680046E6F7 /* Project object */ = {
			isa = PBXProject;
			attributes = {
				BuildIndependentTargetsInParallel = 1;
				LastSwiftUpdateCheck = 1340;
				LastUpgradeCheck = 1340;
				TargetAttributes = {
					D5865FEC28683C680046E6F7 = {
						CreatedOnToolsVersion = 13.4.1;
					};
					D586600528683C690046E6F7 = {
						CreatedOnToolsVersion = 13.4.1;
						TestTargetID = D5865FEC28683C680046E6F7;
					};
					D586600F28683C690046E6F7 = {
						CreatedOnToolsVersion = 13.4.1;
						TestTargetID = D5865FEC28683C680046E6F7;
					};
				};
			};
			buildConfigurationList = D5865FE828683C680046E6F7 /* Build configuration list for PBXProject "ToDoList" */;
			compatibilityVersion = "Xcode 13.0";
			developmentRegion = en;
			hasScannedForEncodings = 0;
			knownRegions = (
				en,
				Base,
			);
			mainGroup = D5865FE428683C680046E6F7;
			productRefGroup = D5865FEE28683C680046E6F7 /* Products */;
			projectDirPath = "";
			projectRoot = "";
			targets = (
				D5865FEC28683C680046E6F7 /* ToDoList */,
				D586600528683C690046E6F7 /* ToDoListTests */,
				D586600F28683C690046E6F7 /* ToDoListUITests */,
			);
		};
/* End PBXProject section */

/* Begin PBXResourcesBuildPhase section */
		D5865FEB28683C680046E6F7 /* Resources */ = {
			isa = PBXResourcesBuildPhase;
			buildActionMask = 2147483647;
			files = (
				D586600028683C690046E6F7 /* LaunchScreen.storyboard in Resources */,
				D586602D28683CBD0046E6F7 /* AddVC.xib in Resources */,
				D58660362868462A0046E6F7 /* TableViewCell.xib in Resources */,
				D586603128683CD10046E6F7 /* ListVC.xib in Resources */,
				D586602928683CA20046E6F7 /* HomeVC.xib in Resources */,
				D586603D28687A5E0046E6F7 /* ListCC.xib in Resources */,
				D5865FFD28683C690046E6F7 /* Assets.xcassets in Resources */,
				D5ADA16E286F1D560090BDD8 /* CCColor.xcassets in Resources */,
				D517B04C286B5503004D9EAC /* AddTaskCell.xib in Resources */,
				D5865FF828683C680046E6F7 /* Main.storyboard in Resources */,
			);
			runOnlyForDeploymentPostprocessing = 0;
		};
		D586600428683C690046E6F7 /* Resources */ = {
			isa = PBXResourcesBuildPhase;
			buildActionMask = 2147483647;
			files = (
			);
			runOnlyForDeploymentPostprocessing = 0;
		};
		D586600E28683C690046E6F7 /* Resources */ = {
			isa = PBXResourcesBuildPhase;
			buildActionMask = 2147483647;
			files = (
			);
			runOnlyForDeploymentPostprocessing = 0;
		};
/* End PBXResourcesBuildPhase section */

/* Begin PBXSourcesBuildPhase section */
		D5865FE928683C680046E6F7 /* Sources */ = {
			isa = PBXSourcesBuildPhase;
			buildActionMask = 2147483647;
			files = (
				D586603028683CD10046E6F7 /* ListVC.swift in Sources */,
				D586603C28687A5E0046E6F7 /* ListCC.swift in Sources */,
				D58660352868462A0046E6F7 /* TableViewCell.swift in Sources */,
				D586602C28683CBD0046E6F7 /* AddVC.swift in Sources */,
				D517B04B286B5503004D9EAC /* AddTaskCell.swift in Sources */,
				D5866039286876090046E6F7 /* MainTabbar.swift in Sources */,
				D562DA8C28A3EFD200F8C6F5 /* CategoryTask.swift in Sources */,
				D517B0482868BFA7004D9EAC /* CharacterDM.swift in Sources */,
				D5865FF528683C680046E6F7 /* ViewController.swift in Sources */,
				D586602828683CA20046E6F7 /* HomeVC.swift in Sources */,
				D5865FF128683C680046E6F7 /* AppDelegate.swift in Sources */,
				D5865FF328683C680046E6F7 /* SceneDelegate.swift in Sources */,
				D5865FFB28683C680046E6F7 /* ToDoList.xcdatamodeld in Sources */,
			);
			runOnlyForDeploymentPostprocessing = 0;
		};
		D586600228683C690046E6F7 /* Sources */ = {
			isa = PBXSourcesBuildPhase;
			buildActionMask = 2147483647;
			files = (
				D586600B28683C690046E6F7 /* ToDoListTests.swift in Sources */,
			);
			runOnlyForDeploymentPostprocessing = 0;
		};
		D586600C28683C690046E6F7 /* Sources */ = {
			isa = PBXSourcesBuildPhase;
			buildActionMask = 2147483647;
			files = (
				D586601728683C690046E6F7 /* ToDoListUITestsLaunchTests.swift in Sources */,
				D586601528683C690046E6F7 /* ToDoListUITests.swift in Sources */,
			);
			runOnlyForDeploymentPostprocessing = 0;
		};
/* End PBXSourcesBuildPhase section */

/* Begin PBXTargetDependency section */
		D586600828683C690046E6F7 /* PBXTargetDependency */ = {
			isa = PBXTargetDependency;
			target = D5865FEC28683C680046E6F7 /* ToDoList */;
			targetProxy = D586600728683C690046E6F7 /* PBXContainerItemProxy */;
		};
		D586601228683C690046E6F7 /* PBXTargetDependency */ = {
			isa = PBXTargetDependency;
			target = D5865FEC28683C680046E6F7 /* ToDoList */;
			targetProxy = D586601128683C690046E6F7 /* PBXContainerItemProxy */;
		};
/* End PBXTargetDependency section */

/* Begin PBXVariantGroup section */
		D5865FF628683C680046E6F7 /* Main.storyboard */ = {
			isa = PBXVariantGroup;
			children = (
				D5865FF728683C680046E6F7 /* Base */,
			);
			name = Main.storyboard;
			sourceTree = "<group>";
		};
		D5865FFE28683C690046E6F7 /* LaunchScreen.storyboard */ = {
			isa = PBXVariantGroup;
			children = (
				D5865FFF28683C690046E6F7 /* Base */,
			);
			name = LaunchScreen.storyboard;
			sourceTree = "<group>";
		};
/* End PBXVariantGroup section */

/* Begin XCBuildConfiguration section */
		D586601828683C690046E6F7 /* Debug */ = {
			isa = XCBuildConfiguration;
			buildSettings = {
				ALWAYS_SEARCH_USER_PATHS = NO;
				CLANG_ANALYZER_NONNULL = YES;
				CLANG_ANALYZER_NUMBER_OBJECT_CONVERSION = YES_AGGRESSIVE;
				CLANG_CXX_LANGUAGE_STANDARD = "gnu++17";
				CLANG_ENABLE_MODULES = YES;
				CLANG_ENABLE_OBJC_ARC = YES;
				CLANG_ENABLE_OBJC_WEAK = YES;
				CLANG_WARN_BLOCK_CAPTURE_AUTORELEASING = YES;
				CLANG_WARN_BOOL_CONVERSION = YES;
				CLANG_WARN_COMMA = YES;
				CLANG_WARN_CONSTANT_CONVERSION = YES;
				CLANG_WARN_DEPRECATED_OBJC_IMPLEMENTATIONS = YES;
				CLANG_WARN_DIRECT_OBJC_ISA_USAGE = YES_ERROR;
				CLANG_WARN_DOCUMENTATION_COMMENTS = YES;
				CLANG_WARN_EMPTY_BODY = YES;
				CLANG_WARN_ENUM_CONVERSION = YES;
				CLANG_WARN_INFINITE_RECURSION = YES;
				CLANG_WARN_INT_CONVERSION = YES;
				CLANG_WARN_NON_LITERAL_NULL_CONVERSION = YES;
				CLANG_WARN_OBJC_IMPLICIT_RETAIN_SELF = YES;
				CLANG_WARN_OBJC_LITERAL_CONVERSION = YES;
				CLANG_WARN_OBJC_ROOT_CLASS = YES_ERROR;
				CLANG_WARN_QUOTED_INCLUDE_IN_FRAMEWORK_HEADER = YES;
				CLANG_WARN_RANGE_LOOP_ANALYSIS = YES;
				CLANG_WARN_STRICT_PROTOTYPES = YES;
				CLANG_WARN_SUSPICIOUS_MOVE = YES;
				CLANG_WARN_UNGUARDED_AVAILABILITY = YES_AGGRESSIVE;
				CLANG_WARN_UNREACHABLE_CODE = YES;
				CLANG_WARN__DUPLICATE_METHOD_MATCH = YES;
				COPY_PHASE_STRIP = NO;
				DEBUG_INFORMATION_FORMAT = dwarf;
				ENABLE_STRICT_OBJC_MSGSEND = YES;
				ENABLE_TESTABILITY = YES;
				GCC_C_LANGUAGE_STANDARD = gnu11;
				GCC_DYNAMIC_NO_PIC = NO;
				GCC_NO_COMMON_BLOCKS = YES;
				GCC_OPTIMIZATION_LEVEL = 0;
				GCC_PREPROCESSOR_DEFINITIONS = (
					"DEBUG=1",
					"$(inherited)",
				);
				GCC_WARN_64_TO_32_BIT_CONVERSION = YES;
				GCC_WARN_ABOUT_RETURN_TYPE = YES_ERROR;
				GCC_WARN_UNDECLARED_SELECTOR = YES;
				GCC_WARN_UNINITIALIZED_AUTOS = YES_AGGRESSIVE;
				GCC_WARN_UNUSED_FUNCTION = YES;
				GCC_WARN_UNUSED_VARIABLE = YES;
				IPHONEOS_DEPLOYMENT_TARGET = 15.5;
				MTL_ENABLE_DEBUG_INFO = INCLUDE_SOURCE;
				MTL_FAST_MATH = YES;
				ONLY_ACTIVE_ARCH = YES;
				SDKROOT = iphoneos;
				SWIFT_ACTIVE_COMPILATION_CONDITIONS = DEBUG;
				SWIFT_OPTIMIZATION_LEVEL = "-Onone";
			};
			name = Debug;
		};
		D586601928683C690046E6F7 /* Release */ = {
			isa = XCBuildConfiguration;
			buildSettings = {
				ALWAYS_SEARCH_USER_PATHS = NO;
				CLANG_ANALYZER_NONNULL = YES;
				CLANG_ANALYZER_NUMBER_OBJECT_CONVERSION = YES_AGGRESSIVE;
				CLANG_CXX_LANGUAGE_STANDARD = "gnu++17";
				CLANG_ENABLE_MODULES = YES;
				CLANG_ENABLE_OBJC_ARC = YES;
				CLANG_ENABLE_OBJC_WEAK = YES;
				CLANG_WARN_BLOCK_CAPTURE_AUTORELEASING = YES;
				CLANG_WARN_BOOL_CONVERSION = YES;
				CLANG_WARN_COMMA = YES;
				CLANG_WARN_CONSTANT_CONVERSION = YES;
				CLANG_WARN_DEPRECATED_OBJC_IMPLEMENTATIONS = YES;
				CLANG_WARN_DIRECT_OBJC_ISA_USAGE = YES_ERROR;
				CLANG_WARN_DOCUMENTATION_COMMENTS = YES;
				CLANG_WARN_EMPTY_BODY = YES;
				CLANG_WARN_ENUM_CONVERSION = YES;
				CLANG_WARN_INFINITE_RECURSION = YES;
				CLANG_WARN_INT_CONVERSION = YES;
				CLANG_WARN_NON_LITERAL_NULL_CONVERSION = YES;
				CLANG_WARN_OBJC_IMPLICIT_RETAIN_SELF = YES;
				CLANG_WARN_OBJC_LITERAL_CONVERSION = YES;
				CLANG_WARN_OBJC_ROOT_CLASS = YES_ERROR;
				CLANG_WARN_QUOTED_INCLUDE_IN_FRAMEWORK_HEADER = YES;
				CLANG_WARN_RANGE_LOOP_ANALYSIS = YES;
				CLANG_WARN_STRICT_PROTOTYPES = YES;
				CLANG_WARN_SUSPICIOUS_MOVE = YES;
				CLANG_WARN_UNGUARDED_AVAILABILITY = YES_AGGRESSIVE;
				CLANG_WARN_UNREACHABLE_CODE = YES;
				CLANG_WARN__DUPLICATE_METHOD_MATCH = YES;
				COPY_PHASE_STRIP = NO;
				DEBUG_INFORMATION_FORMAT = "dwarf-with-dsym";
				ENABLE_NS_ASSERTIONS = NO;
				ENABLE_STRICT_OBJC_MSGSEND = YES;
				GCC_C_LANGUAGE_STANDARD = gnu11;
				GCC_NO_COMMON_BLOCKS = YES;
				GCC_WARN_64_TO_32_BIT_CONVERSION = YES;
				GCC_WARN_ABOUT_RETURN_TYPE = YES_ERROR;
				GCC_WARN_UNDECLARED_SELECTOR = YES;
				GCC_WARN_UNINITIALIZED_AUTOS = YES_AGGRESSIVE;
				GCC_WARN_UNUSED_FUNCTION = YES;
				GCC_WARN_UNUSED_VARIABLE = YES;
				IPHONEOS_DEPLOYMENT_TARGET = 15.5;
				MTL_ENABLE_DEBUG_INFO = NO;
				MTL_FAST_MATH = YES;
				SDKROOT = iphoneos;
				SWIFT_COMPILATION_MODE = wholemodule;
				SWIFT_OPTIMIZATION_LEVEL = "-O";
				VALIDATE_PRODUCT = YES;
			};
			name = Release;
		};
		D586601B28683C690046E6F7 /* Debug */ = {
			isa = XCBuildConfiguration;
			buildSettings = {
				ASSETCATALOG_COMPILER_APPICON_NAME = AppIcon;
				ASSETCATALOG_COMPILER_GLOBAL_ACCENT_COLOR_NAME = AccentColor;
				CODE_SIGN_STYLE = Automatic;
				CURRENT_PROJECT_VERSION = 1;
				DEVELOPMENT_TEAM = T7C6N2U8Z3;
				EXCLUDED_ARCHS = "";
				"EXCLUDED_ARCHS[sdk=iphonesimulator*]" = arm64;
				GENERATE_INFOPLIST_FILE = YES;
				INFOPLIST_FILE = ToDoList/Info.plist;
				INFOPLIST_KEY_UIApplicationSupportsIndirectInputEvents = YES;
				INFOPLIST_KEY_UILaunchStoryboardName = LaunchScreen;
				INFOPLIST_KEY_UISupportedInterfaceOrientations_iPad = "UIInterfaceOrientationPortrait UIInterfaceOrientationPortraitUpsideDown UIInterfaceOrientationLandscapeLeft UIInterfaceOrientationLandscapeRight";
				INFOPLIST_KEY_UISupportedInterfaceOrientations_iPhone = "UIInterfaceOrientationPortrait UIInterfaceOrientationLandscapeLeft UIInterfaceOrientationLandscapeRight";
				LD_RUNPATH_SEARCH_PATHS = (
					"$(inherited)",
					"@executable_path/Frameworks",
				);
				MARKETING_VERSION = 1.0;
				PRODUCT_BUNDLE_IDENTIFIER = muhammadjon.com.ToDoList;
				PRODUCT_NAME = "$(TARGET_NAME)";
				SWIFT_EMIT_LOC_STRINGS = YES;
				SWIFT_VERSION = 5.0;
				TARGETED_DEVICE_FAMILY = "1,2";
			};
			name = Debug;
		};
		D586601C28683C690046E6F7 /* Release */ = {
			isa = XCBuildConfiguration;
			buildSettings = {
				ASSETCATALOG_COMPILER_APPICON_NAME = AppIcon;
				ASSETCATALOG_COMPILER_GLOBAL_ACCENT_COLOR_NAME = AccentColor;
				CODE_SIGN_STYLE = Automatic;
				CURRENT_PROJECT_VERSION = 1;
				DEVELOPMENT_TEAM = T7C6N2U8Z3;
				EXCLUDED_ARCHS = "";
				GENERATE_INFOPLIST_FILE = YES;
				INFOPLIST_FILE = ToDoList/Info.plist;
				INFOPLIST_KEY_UIApplicationSupportsIndirectInputEvents = YES;
				INFOPLIST_KEY_UILaunchStoryboardName = LaunchScreen;
				INFOPLIST_KEY_UISupportedInterfaceOrientations_iPad = "UIInterfaceOrientationPortrait UIInterfaceOrientationPortraitUpsideDown UIInterfaceOrientationLandscapeLeft UIInterfaceOrientationLandscapeRight";
				INFOPLIST_KEY_UISupportedInterfaceOrientations_iPhone = "UIInterfaceOrientationPortrait UIInterfaceOrientationLandscapeLeft UIInterfaceOrientationLandscapeRight";
				LD_RUNPATH_SEARCH_PATHS = (
					"$(inherited)",
					"@executable_path/Frameworks",
				);
				MARKETING_VERSION = 1.0;
				PRODUCT_BUNDLE_IDENTIFIER = muhammadjon.com.ToDoList;
				PRODUCT_NAME = "$(TARGET_NAME)";
				SWIFT_EMIT_LOC_STRINGS = YES;
				SWIFT_VERSION = 5.0;
				TARGETED_DEVICE_FAMILY = "1,2";
			};
			name = Release;
		};
		D586601E28683C690046E6F7 /* Debug */ = {
			isa = XCBuildConfiguration;
			buildSettings = {
				ALWAYS_EMBED_SWIFT_STANDARD_LIBRARIES = YES;
				BUNDLE_LOADER = "$(TEST_HOST)";
				CODE_SIGN_STYLE = Automatic;
				CURRENT_PROJECT_VERSION = 1;
				DEVELOPMENT_TEAM = T7C6N2U8Z3;
				GENERATE_INFOPLIST_FILE = YES;
				IPHONEOS_DEPLOYMENT_TARGET = 15.5;
				MARKETING_VERSION = 1.0;
				PRODUCT_BUNDLE_IDENTIFIER = muhammadjon.com.ToDoListTests;
				PRODUCT_NAME = "$(TARGET_NAME)";
				SWIFT_EMIT_LOC_STRINGS = NO;
				SWIFT_VERSION = 5.0;
				TARGETED_DEVICE_FAMILY = "1,2";
				TEST_HOST = "$(BUILT_PRODUCTS_DIR)/ToDoList.app/ToDoList";
			};
			name = Debug;
		};
		D586601F28683C690046E6F7 /* Release */ = {
			isa = XCBuildConfiguration;
			buildSettings = {
				ALWAYS_EMBED_SWIFT_STANDARD_LIBRARIES = YES;
				BUNDLE_LOADER = "$(TEST_HOST)";
				CODE_SIGN_STYLE = Automatic;
				CURRENT_PROJECT_VERSION = 1;
				DEVELOPMENT_TEAM = T7C6N2U8Z3;
				GENERATE_INFOPLIST_FILE = YES;
				IPHONEOS_DEPLOYMENT_TARGET = 15.5;
				MARKETING_VERSION = 1.0;
				PRODUCT_BUNDLE_IDENTIFIER = muhammadjon.com.ToDoListTests;
				PRODUCT_NAME = "$(TARGET_NAME)";
				SWIFT_EMIT_LOC_STRINGS = NO;
				SWIFT_VERSION = 5.0;
				TARGETED_DEVICE_FAMILY = "1,2";
				TEST_HOST = "$(BUILT_PRODUCTS_DIR)/ToDoList.app/ToDoList";
			};
			name = Release;
		};
		D586602128683C690046E6F7 /* Debug */ = {
			isa = XCBuildConfiguration;
			buildSettings = {
				ALWAYS_EMBED_SWIFT_STANDARD_LIBRARIES = YES;
				CODE_SIGN_STYLE = Automatic;
				CURRENT_PROJECT_VERSION = 1;
				DEVELOPMENT_TEAM = T7C6N2U8Z3;
				GENERATE_INFOPLIST_FILE = YES;
				MARKETING_VERSION = 1.0;
				PRODUCT_BUNDLE_IDENTIFIER = muhammadjon.com.ToDoListUITests;
				PRODUCT_NAME = "$(TARGET_NAME)";
				SWIFT_EMIT_LOC_STRINGS = NO;
				SWIFT_VERSION = 5.0;
				TARGETED_DEVICE_FAMILY = "1,2";
				TEST_TARGET_NAME = ToDoList;
			};
			name = Debug;
		};
		D586602228683C690046E6F7 /* Release */ = {
			isa = XCBuildConfiguration;
			buildSettings = {
				ALWAYS_EMBED_SWIFT_STANDARD_LIBRARIES = YES;
				CODE_SIGN_STYLE = Automatic;
				CURRENT_PROJECT_VERSION = 1;
				DEVELOPMENT_TEAM = T7C6N2U8Z3;
				GENERATE_INFOPLIST_FILE = YES;
				MARKETING_VERSION = 1.0;
				PRODUCT_BUNDLE_IDENTIFIER = muhammadjon.com.ToDoListUITests;
				PRODUCT_NAME = "$(TARGET_NAME)";
				SWIFT_EMIT_LOC_STRINGS = NO;
				SWIFT_VERSION = 5.0;
				TARGETED_DEVICE_FAMILY = "1,2";
				TEST_TARGET_NAME = ToDoList;
			};
			name = Release;
		};
/* End XCBuildConfiguration section */

/* Begin XCConfigurationList section */
		D5865FE828683C680046E6F7 /* Build configuration list for PBXProject "ToDoList" */ = {
			isa = XCConfigurationList;
			buildConfigurations = (
				D586601828683C690046E6F7 /* Debug */,
				D586601928683C690046E6F7 /* Release */,
			);
			defaultConfigurationIsVisible = 0;
			defaultConfigurationName = Release;
		};
		D586601A28683C690046E6F7 /* Build configuration list for PBXNativeTarget "ToDoList" */ = {
			isa = XCConfigurationList;
			buildConfigurations = (
				D586601B28683C690046E6F7 /* Debug */,
				D586601C28683C690046E6F7 /* Release */,
			);
			defaultConfigurationIsVisible = 0;
			defaultConfigurationName = Release;
		};
		D586601D28683C690046E6F7 /* Build configuration list for PBXNativeTarget "ToDoListTests" */ = {
			isa = XCConfigurationList;
			buildConfigurations = (
				D586601E28683C690046E6F7 /* Debug */,
				D586601F28683C690046E6F7 /* Release */,
			);
			defaultConfigurationIsVisible = 0;
			defaultConfigurationName = Release;
		};
		D586602028683C690046E6F7 /* Build configuration list for PBXNativeTarget "ToDoListUITests" */ = {
			isa = XCConfigurationList;
			buildConfigurations = (
				D586602128683C690046E6F7 /* Debug */,
				D586602228683C690046E6F7 /* Release */,
			);
			defaultConfigurationIsVisible = 0;
			defaultConfigurationName = Release;
		};
/* End XCConfigurationList section */

/* Begin XCVersionGroup section */
		D5865FF928683C680046E6F7 /* ToDoList.xcdatamodeld */ = {
			isa = XCVersionGroup;
			children = (
				D5865FFA28683C680046E6F7 /* ToDoList.xcdatamodel */,
			);
			currentVersion = D5865FFA28683C680046E6F7 /* ToDoList.xcdatamodel */;
			path = ToDoList.xcdatamodeld;
			sourceTree = "<group>";
			versionGroupType = wrapper.xcdatamodel;
		};
/* End XCVersionGroup section */
	};
	rootObject = D5865FE528683C680046E6F7 /* Project object */;
}
